
Microsoft Visual Studio Solution File, Format Version 12.00
# Visual Studio 15
VisualStudioVersion = 15.0.28307.421
MinimumVisualStudioVersion = 10.0.40219.1
Project("{FAE04EC0-301F-11D3-BF4B-00C04F79EFBC}") = "SortedListExTask", "SortedListExTask\SortedListExTask.csproj", "{51FF0347-CB70-43F5-BFBD-E8C27109D6DC}"
EndProject
Global
	GlobalSection(SolutionConfigurationPlatforms) = preSolution
		Debug|Any CPU = Debug|Any CPU
		Release|Any CPU = Release|Any CPU
	EndGlobalSection
	GlobalSection(ProjectConfigurationPlatforms) = postSolution
		{51FF0347-CB70-43F5-BFBD-E8C27109D6DC}.Debug|Any CPU.ActiveCfg = Debug|Any CPU
		{51FF0347-CB70-43F5-BFBD-E8C27109D6DC}.Debug|Any CPU.Build.0 = Debug|Any CPU
		{51FF0347-CB70-43F5-BFBD-E8C27109D6DC}.Release|Any CPU.ActiveCfg = Release|Any CPU
		{51FF0347-CB70-43F5-BFBD-E8C27109D6DC}.Release|Any CPU.Build.0 = Release|Any CPU
	EndGlobalSection
	GlobalSection(SolutionProperties) = preSolution
		HideSolutionNode = FALSE
	EndGlobalSection
	GlobalSection(ExtensibilityGlobals) = postSolution
		SolutionGuid = {2F9D1294-329B-422F-AB8E-6F6FD0146ED0}
	EndGlobalSection
EndGlobal
